// !$*UTF8*$!
{
	archiveVersion = 1;
	classes = {
	};
	objectVersion = 56;
	objects = {

/* Begin PBXBuildFile section */
		9E5A400429A1035A0024DCFB /* AppDelegate.swift in Sources */ = {isa = PBXBuildFile; fileRef = 9E5A400329A1035A0024DCFB /* AppDelegate.swift */; };
		9E5A400629A1035A0024DCFB /* SceneDelegate.swift in Sources */ = {isa = PBXBuildFile; fileRef = 9E5A400529A1035A0024DCFB /* SceneDelegate.swift */; };
		9E5A400829A1035A0024DCFB /* ViewController.swift in Sources */ = {isa = PBXBuildFile; fileRef = 9E5A400729A1035A0024DCFB /* ViewController.swift */; };
		9E5A400B29A1035A0024DCFB /* Main.storyboard in Resources */ = {isa = PBXBuildFile; fileRef = 9E5A400929A1035A0024DCFB /* Main.storyboard */; };
		9E5A400D29A1035C0024DCFB /* Assets.xcassets in Resources */ = {isa = PBXBuildFile; fileRef = 9E5A400C29A1035C0024DCFB /* Assets.xcassets */; };
		9E5A401029A1035C0024DCFB /* LaunchScreen.storyboard in Resources */ = {isa = PBXBuildFile; fileRef = 9E5A400E29A1035C0024DCFB /* LaunchScreen.storyboard */; };
		9E5A401B29A104830024DCFB /* Canvas.swift in Sources */ = {isa = PBXBuildFile; fileRef = 9E5A401A29A104830024DCFB /* Canvas.swift */; };
		9E5A401D29A112D90024DCFB /* Models.swift in Sources */ = {isa = PBXBuildFile; fileRef = 9E5A401C29A112D90024DCFB /* Models.swift */; };
/* End PBXBuildFile section */

/* Begin PBXFileReference section */
		9E5A400029A1035A0024DCFB /* DrawApp.app */ = {isa = PBXFileReference; explicitFileType = wrapper.application; includeInIndex = 0; path = DrawApp.app; sourceTree = BUILT_PRODUCTS_DIR; };
		9E5A400329A1035A0024DCFB /* AppDelegate.swift */ = {isa = PBXFileReference; lastKnownFileType = sourcecode.swift; path = AppDelegate.swift; sourceTree = "<group>"; };
		9E5A400529A1035A0024DCFB /* SceneDelegate.swift */ = {isa = PBXFileReference; lastKnownFileType = sourcecode.swift; path = SceneDelegate.swift; sourceTree = "<group>"; };
		9E5A400729A1035A0024DCFB /* ViewController.swift */ = {isa = PBXFileReference; lastKnownFileType = sourcecode.swift; path = ViewController.swift; sourceTree = "<group>"; };
		9E5A400A29A1035A0024DCFB /* Base */ = {isa = PBXFileReference; lastKnownFileType = file.storyboard; name = Base; path = Base.lproj/Main.storyboard; sourceTree = "<group>"; };
		9E5A400C29A1035C0024DCFB /* Assets.xcassets */ = {isa = PBXFileReference; lastKnownFileType = folder.assetcatalog; path = Assets.xcassets; sourceTree = "<group>"; };
		9E5A400F29A1035C0024DCFB /* Base */ = {isa = PBXFileReference; lastKnownFileType = file.storyboard; name = Base; path = Base.lproj/LaunchScreen.storyboard; sourceTree = "<group>"; };
		9E5A401129A1035C0024DCFB /* Info.plist */ = {isa = PBXFileReference; lastKnownFileType = text.plist.xml; path = Info.plist; sourceTree = "<group>"; };
		9E5A401A29A104830024DCFB /* Canvas.swift */ = {isa = PBXFileReference; lastKnownFileType = sourcecode.swift; path = Canvas.swift; sourceTree = "<group>"; };
		9E5A401C29A112D90024DCFB /* Models.swift */ = {isa = PBXFileReference; lastKnownFileType = sourcecode.swift; path = Models.swift; sourceTree = "<group>"; };
/* End PBXFileReference section */

/* Begin PBXFrameworksBuildPhase section */
		9E5A3FFD29A1035A0024DCFB /* Frameworks */ = {
			isa = PBXFrameworksBuildPhase;
			buildActionMask = 2147483647;
			files = (
			);
			runOnlyForDeploymentPostprocessing = 0;
		};
/* End PBXFrameworksBuildPhase section */

/* Begin PBXGroup section */
		9E5A3FF729A1035A0024DCFB = {
			isa = PBXGroup;
			children = (
				9E5A400229A1035A0024DCFB /* DrawApp */,
				9E5A400129A1035A0024DCFB /* Products */,
			);
			sourceTree = "<group>";
		};
		9E5A400129A1035A0024DCFB /* Products */ = {
			isa = PBXGroup;
			children = (
				9E5A400029A1035A0024DCFB /* DrawApp.app */,
			);
			name = Products;
			sourceTree = "<group>";
		};
		9E5A400229A1035A0024DCFB /* DrawApp */ = {
			isa = PBXGroup;
			children = (
				9E5A401929A104730024DCFB /* Views */,
				9E5A401829A104670024DCFB /* Controllers */,
				9E5A401729A104610024DCFB /* Models */,
				9E5A400329A1035A0024DCFB /* AppDelegate.swift */,
				9E5A400529A1035A0024DCFB /* SceneDelegate.swift */,
				9E5A400929A1035A0024DCFB /* Main.storyboard */,
				9E5A400C29A1035C0024DCFB /* Assets.xcassets */,
				9E5A400E29A1035C0024DCFB /* LaunchScreen.storyboard */,
				9E5A401129A1035C0024DCFB /* Info.plist */,
			);
			path = DrawApp;
			sourceTree = "<group>";
		};
		9E5A401729A104610024DCFB /* Models */ = {
			isa = PBXGroup;
			children = (
				9E5A401C29A112D90024DCFB /* Models.swift */,
			);
			path = Models;
			sourceTree = "<group>";
		};
		9E5A401829A104670024DCFB /* Controllers */ = {
			isa = PBXGroup;
			children = (
				9E5A400729A1035A0024DCFB /* ViewController.swift */,
			);
			path = Controllers;
			sourceTree = "<group>";
		};
		9E5A401929A104730024DCFB /* Views */ = {
			isa = PBXGroup;
			children = (
				9E5A401A29A104830024DCFB /* Canvas.swift */,
			);
			path = Views;
			sourceTree = "<group>";
		};
/* End PBXGroup section */

/* Begin PBXNativeTarget section */
		9E5A3FFF29A1035A0024DCFB /* DrawApp */ = {
			isa = PBXNativeTarget;
			buildConfigurationList = 9E5A401429A1035C0024DCFB /* Build configuration list for PBXNativeTarget "DrawApp" */;
			buildPhases = (
				9E5A3FFC29A1035A0024DCFB /* Sources */,
				9E5A3FFD29A1035A0024DCFB /* Frameworks */,
				9E5A3FFE29A1035A0024DCFB /* Resources */,
			);
			buildRules = (
			);
			dependencies = (
			);
			name = DrawApp;
			productName = DrawApp;
			productReference = 9E5A400029A1035A0024DCFB /* DrawApp.app */;
			productType = "com.apple.product-type.application";
		};
/* End PBXNativeTarget section */

/* Begin PBXProject section */
		9E5A3FF829A1035A0024DCFB /* Project object */ = {
			isa = PBXProject;
			attributes = {
				BuildIndependentTargetsInParallel = 1;
				LastSwiftUpdateCheck = 1410;
				LastUpgradeCheck = 1410;
				TargetAttributes = {
					9E5A3FFF29A1035A0024DCFB = {
						CreatedOnToolsVersion = 14.1;
					};
				};
			};
			buildConfigurationList = 9E5A3FFB29A1035A0024DCFB /* Build configuration list for PBXProject "DrawApp" */;
			compatibilityVersion = "Xcode 14.0";
			developmentRegion = en;
			hasScannedForEncodings = 0;
			knownRegions = (
				en,
				Base,
			);
			mainGroup = 9E5A3FF729A1035A0024DCFB;
			productRefGroup = 9E5A400129A1035A0024DCFB /* Products */;
			projectDirPath = "";
			projectRoot = "";
			targets = (
				9E5A3FFF29A1035A0024DCFB /* DrawApp */,
			);
		};
/* End PBXProject section */

/* Begin PBXResourcesBuildPhase section */
		9E5A3FFE29A1035A0024DCFB /* Resources */ = {
			isa = PBXResourcesBuildPhase;
			buildActionMask = 2147483647;
			files = (
				9E5A401029A1035C0024DCFB /* LaunchScreen.storyboard in Resources */,
				9E5A400D29A1035C0024DCFB /* Assets.xcassets in Resources */,
				9E5A400B29A1035A0024DCFB /* Main.storyboard in Resources */,
			);
			runOnlyForDeploymentPostprocessing = 0;
		};
/* End PBXResourcesBuildPhase section */

/* Begin PBXSourcesBuildPhase section */
		9E5A3FFC29A1035A0024DCFB /* Sources */ = {
			isa = PBXSourcesBuildPhase;
			buildActionMask = 2147483647;
			files = (
				9E5A400829A1035A0024DCFB /* ViewController.swift in Sources */,
				9E5A400429A1035A0024DCFB /* AppDelegate.swift in Sources */,
				9E5A400629A1035A0024DCFB /* SceneDelegate.swift in Sources */,
				9E5A401B29A104830024DCFB /* Canvas.swift in Sources */,
				9E5A401D29A112D90024DCFB /* Models.swift in Sources */,
			);
			runOnlyForDeploymentPostprocessing = 0;
		};
/* End PBXSourcesBuildPhase section */

/* Begin PBXVariantGroup section */
		9E5A400929A1035A0024DCFB /* Main.storyboard */ = {
			isa = PBXVariantGroup;
			children = (
				9E5A400A29A1035A0024DCFB /* Base */,
			);
			name = Main.storyboard;
			sourceTree = "<group>";
		};
		9E5A400E29A1035C0024DCFB /* LaunchScreen.storyboard */ = {
			isa = PBXVariantGroup;
			children = (
				9E5A400F29A1035C0024DCFB /* Base */,
			);
			name = LaunchScreen.storyboard;
			sourceTree = "<group>";
		};
/* End PBXVariantGroup section */

/* Begin XCBuildConfiguration section */
		9E5A401229A1035C0024DCFB /* Debug */ = {
			isa = XCBuildConfiguration;
			buildSettings = {
				ALWAYS_SEARCH_USER_PATHS = NO;
				CLANG_ANALYZER_NONNULL = YES;
				CLANG_ANALYZER_NUMBER_OBJECT_CONVERSION = YES_AGGRESSIVE;
				CLANG_CXX_LANGUAGE_STANDARD = "gnu++20";
				CLANG_ENABLE_MODULES = YES;
				CLANG_ENABLE_OBJC_ARC = YES;
				CLANG_ENABLE_OBJC_WEAK = YES;
				CLANG_WARN_BLOCK_CAPTURE_AUTORELEASING = YES;
				CLANG_WARN_BOOL_CONVERSION = YES;
				CLANG_WARN_COMMA = YES;
				CLANG_WARN_CONSTANT_CONVERSION = YES;
				CLANG_WARN_DEPRECATED_OBJC_IMPLEMENTATIONS = YES;
				CLANG_WARN_DIRECT_OBJC_ISA_USAGE = YES_ERROR;
				CLANG_WARN_DOCUMENTATION_COMMENTS = YES;
				CLANG_WARN_EMPTY_BODY = YES;
				CLANG_WARN_ENUM_CONVERSION = YES;
				CLANG_WARN_INFINITE_RECURSION = YES;
				CLANG_WARN_INT_CONVERSION = YES;
				CLANG_WARN_NON_LITERAL_NULL_CONVERSION = YES;
				CLANG_WARN_OBJC_IMPLICIT_RETAIN_SELF = YES;
				CLANG_WARN_OBJC_LITERAL_CONVERSION = YES;
				CLANG_WARN_OBJC_ROOT_CLASS = YES_ERROR;
				CLANG_WARN_QUOTED_INCLUDE_IN_FRAMEWORK_HEADER = YES;
				CLANG_WARN_RANGE_LOOP_ANALYSIS = YES;
				CLANG_WARN_STRICT_PROTOTYPES = YES;
				CLANG_WARN_SUSPICIOUS_MOVE = YES;
				CLANG_WARN_UNGUARDED_AVAILABILITY = YES_AGGRESSIVE;
				CLANG_WARN_UNREACHABLE_CODE = YES;
				CLANG_WARN__DUPLICATE_METHOD_MATCH = YES;
				COPY_PHASE_STRIP = NO;
				DEBUG_INFORMATION_FORMAT = dwarf;
				ENABLE_STRICT_OBJC_MSGSEND = YES;
				ENABLE_TESTABILITY = YES;
				GCC_C_LANGUAGE_STANDARD = gnu11;
				GCC_DYNAMIC_NO_PIC = NO;
				GCC_NO_COMMON_BLOCKS = YES;
				GCC_OPTIMIZATION_LEVEL = 0;
				GCC_PREPROCESSOR_DEFINITIONS = (
					"DEBUG=1",
					"$(inherited)",
				);
				GCC_WARN_64_TO_32_BIT_CONVERSION = YES;
				GCC_WARN_ABOUT_RETURN_TYPE = YES_ERROR;
				GCC_WARN_UNDECLARED_SELECTOR = YES;
				GCC_WARN_UNINITIALIZED_AUTOS = YES_AGGRESSIVE;
				GCC_WARN_UNUSED_FUNCTION = YES;
				GCC_WARN_UNUSED_VARIABLE = YES;
				IPHONEOS_DEPLOYMENT_TARGET = 16.1;
				MTL_ENABLE_DEBUG_INFO = INCLUDE_SOURCE;
				MTL_FAST_MATH = YES;
				ONLY_ACTIVE_ARCH = YES;
				SDKROOT = iphoneos;
				SWIFT_ACTIVE_COMPILATION_CONDITIONS = DEBUG;
				SWIFT_OPTIMIZATION_LEVEL = "-Onone";
			};
			name = Debug;
		};
		9E5A401329A1035C0024DCFB /* Release */ = {
			isa = XCBuildConfiguration;
			buildSettings = {
				ALWAYS_SEARCH_USER_PATHS = NO;
				CLANG_ANALYZER_NONNULL = YES;
				CLANG_ANALYZER_NUMBER_OBJECT_CONVERSION = YES_AGGRESSIVE;
				CLANG_CXX_LANGUAGE_STANDARD = "gnu++20";
				CLANG_ENABLE_MODULES = YES;
				CLANG_ENABLE_OBJC_ARC = YES;
				CLANG_ENABLE_OBJC_WEAK = YES;
				CLANG_WARN_BLOCK_CAPTURE_AUTORELEASING = YES;
				CLANG_WARN_BOOL_CONVERSION = YES;
				CLANG_WARN_COMMA = YES;
				CLANG_WARN_CONSTANT_CONVERSION = YES;
				CLANG_WARN_DEPRECATED_OBJC_IMPLEMENTATIONS = YES;
				CLANG_WARN_DIRECT_OBJC_ISA_USAGE = YES_ERROR;
				CLANG_WARN_DOCUMENTATION_COMMENTS = YES;
				CLANG_WARN_EMPTY_BODY = YES;
				CLANG_WARN_ENUM_CONVERSION = YES;
				CLANG_WARN_INFINITE_RECURSION = YES;
				CLANG_WARN_INT_CONVERSION = YES;
				CLANG_WARN_NON_LITERAL_NULL_CONVERSION = YES;
				CLANG_WARN_OBJC_IMPLICIT_RETAIN_SELF = YES;
				CLANG_WARN_OBJC_LITERAL_CONVERSION = YES;
				CLANG_WARN_OBJC_ROOT_CLASS = YES_ERROR;
				CLANG_WARN_QUOTED_INCLUDE_IN_FRAMEWORK_HEADER = YES;
				CLANG_WARN_RANGE_LOOP_ANALYSIS = YES;
				CLANG_WARN_STRICT_PROTOTYPES = YES;
				CLANG_WARN_SUSPICIOUS_MOVE = YES;
				CLANG_WARN_UNGUARDED_AVAILABILITY = YES_AGGRESSIVE;
				CLANG_WARN_UNREACHABLE_CODE = YES;
				CLANG_WARN__DUPLICATE_METHOD_MATCH = YES;
				COPY_PHASE_STRIP = NO;
				DEBUG_INFORMATION_FORMAT = "dwarf-with-dsym";
				ENABLE_NS_ASSERTIONS = NO;
				ENABLE_STRICT_OBJC_MSGSEND = YES;
				GCC_C_LANGUAGE_STANDARD = gnu11;
				GCC_NO_COMMON_BLOCKS = YES;
				GCC_WARN_64_TO_32_BIT_CONVERSION = YES;
				GCC_WARN_ABOUT_RETURN_TYPE = YES_ERROR;
				GCC_WARN_UNDECLARED_SELECTOR = YES;
				GCC_WARN_UNINITIALIZED_AUTOS = YES_AGGRESSIVE;
				GCC_WARN_UNUSED_FUNCTION = YES;
				GCC_WARN_UNUSED_VARIABLE = YES;
				IPHONEOS_DEPLOYMENT_TARGET = 16.1;
				MTL_ENABLE_DEBUG_INFO = NO;
				MTL_FAST_MATH = YES;
				SDKROOT = iphoneos;
				SWIFT_COMPILATION_MODE = wholemodule;
				SWIFT_OPTIMIZATION_LEVEL = "-O";
				VALIDATE_PRODUCT = YES;
			};
			name = Release;
		};
		9E5A401529A1035C0024DCFB /* Debug */ = {
			isa = XCBuildConfiguration;
			buildSettings = {
				ASSETCATALOG_COMPILER_APPICON_NAME = AppIcon;
				ASSETCATALOG_COMPILER_GLOBAL_ACCENT_COLOR_NAME = AccentColor;
				CODE_SIGN_STYLE = Automatic;
				CURRENT_PROJECT_VERSION = 1;
				DEVELOPMENT_TEAM = DK9KW4SF59;
				GENERATE_INFOPLIST_FILE = YES;
				INFOPLIST_FILE = DrawApp/Info.plist;
				INFOPLIST_KEY_UIApplicationSupportsIndirectInputEvents = YES;
				INFOPLIST_KEY_UILaunchStoryboardName = LaunchScreen;
				INFOPLIST_KEY_UIMainStoryboardFile = Main;
				INFOPLIST_KEY_UISupportedInterfaceOrientations_iPad = "UIInterfaceOrientationPortrait UIInterfaceOrientationPortraitUpsideDown UIInterfaceOrientationLandscapeLeft UIInterfaceOrientationLandscapeRight";
				INFOPLIST_KEY_UISupportedInterfaceOrientations_iPhone = "UIInterfaceOrientationPortrait UIInterfaceOrientationLandscapeLeft UIInterfaceOrientationLandscapeRight";
				LD_RUNPATH_SEARCH_PATHS = (
					"$(inherited)",
					"@executable_path/Frameworks",
				);
				MARKETING_VERSION = 1.0;
				PRODUCT_BUNDLE_IDENTIFIER = jusansingularity.ios.zhubatkanov.DrawApp;
				PRODUCT_NAME = "$(TARGET_NAME)";
				SWIFT_EMIT_LOC_STRINGS = YES;
				SWIFT_VERSION = 5.0;
				TARGETED_DEVICE_FAMILY = "1,2";
			};
			name = Debug;
		};
		9E5A401629A1035C0024DCFB /* Release */ = {
			isa = XCBuildConfiguration;
			buildSettings = {
				ASSETCATALOG_COMPILER_APPICON_NAME = AppIcon;
				ASSETCATALOG_COMPILER_GLOBAL_ACCENT_COLOR_NAME = AccentColor;
				CODE_SIGN_STYLE = Automatic;
				CURRENT_PROJECT_VERSION = 1;
				DEVELOPMENT_TEAM = DK9KW4SF59;
				GENERATE_INFOPLIST_FILE = YES;
				INFOPLIST_FILE = DrawApp/Info.plist;
				INFOPLIST_KEY_UIApplicationSupportsIndirectInputEvents = YES;
				INFOPLIST_KEY_UILaunchStoryboardName = LaunchScreen;
				INFOPLIST_KEY_UIMainStoryboardFile = Main;
				INFOPLIST_KEY_UISupportedInterfaceOrientations_iPad = "UIInterfaceOrientationPortrait UIInterfaceOrientationPortraitUpsideDown UIInterfaceOrientationLandscapeLeft UIInterfaceOrientationLandscapeRight";
				INFOPLIST_KEY_UISupportedInterfaceOrientations_iPhone = "UIInterfaceOrientationPortrait UIInterfaceOrientationLandscapeLeft UIInterfaceOrientationLandscapeRight";
				LD_RUNPATH_SEARCH_PATHS = (
					"$(inherited)",
					"@executable_path/Frameworks",
				);
				MARKETING_VERSION = 1.0;
				PRODUCT_BUNDLE_IDENTIFIER = jusansingularity.ios.zhubatkanov.DrawApp;
				PRODUCT_NAME = "$(TARGET_NAME)";
				SWIFT_EMIT_LOC_STRINGS = YES;
				SWIFT_VERSION = 5.0;
				TARGETED_DEVICE_FAMILY = "1,2";
			};
			name = Release;
		};
/* End XCBuildConfiguration section */

/* Begin XCConfigurationList section */
		9E5A3FFB29A1035A0024DCFB /* Build configuration list for PBXProject "DrawApp" */ = {
			isa = XCConfigurationList;
			buildConfigurations = (
				9E5A401229A1035C0024DCFB /* Debug */,
				9E5A401329A1035C0024DCFB /* Release */,
			);
			defaultConfigurationIsVisible = 0;
			defaultConfigurationName = Release;
		};
		9E5A401429A1035C0024DCFB /* Build configuration list for PBXNativeTarget "DrawApp" */ = {
			isa = XCConfigurationList;
			buildConfigurations = (
				9E5A401529A1035C0024DCFB /* Debug */,
				9E5A401629A1035C0024DCFB /* Release */,
			);
			defaultConfigurationIsVisible = 0;
			defaultConfigurationName = Release;
		};
/* End XCConfigurationList section */
	};
	rootObject = 9E5A3FF829A1035A0024DCFB /* Project object */;
}
